
Microsoft Visual Studio Solution File, Format Version 12.00
# Visual Studio 15
VisualStudioVersion = 15.0.28307.960
MinimumVisualStudioVersion = 10.0.40219.1
Project("{FAE04EC0-301F-11D3-BF4B-00C04F79EFBC}") = "TTAP", "TTAP\TTAP.csproj", "{9DD54794-B0F0-4557-95A0-16E16B3E7AA4}"
EndProject
Project("{FAE04EC0-301F-11D3-BF4B-00C04F79EFBC}") = "TTAPAPI", "TTAPAPI\TTAPAPI.csproj", "{F3FF1E1F-BE0C-40BA-9669-A32149C1212F}"
EndProject
Global
	GlobalSection(SolutionConfigurationPlatforms) = preSolution
		Debug|Any CPU = Debug|Any CPU
		Release|Any CPU = Release|Any CPU
	EndGlobalSection
	GlobalSection(ProjectConfigurationPlatforms) = postSolution
		{9DD54794-B0F0-4557-95A0-16E16B3E7AA4}.Debug|Any CPU.ActiveCfg = Debug|Any CPU
		{9DD54794-B0F0-4557-95A0-16E16B3E7AA4}.Debug|Any CPU.Build.0 = Debug|Any CPU
		{9DD54794-B0F0-4557-95A0-16E16B3E7AA4}.Release|Any CPU.ActiveCfg = Release|Any CPU
		{9DD54794-B0F0-4557-95A0-16E16B3E7AA4}.Release|Any CPU.Build.0 = Release|Any CPU
		{F3FF1E1F-BE0C-40BA-9669-A32149C1212F}.Debug|Any CPU.ActiveCfg = Debug|Any CPU
		{F3FF1E1F-BE0C-40BA-9669-A32149C1212F}.Debug|Any CPU.Build.0 = Debug|Any CPU
		{F3FF1E1F-BE0C-40BA-9669-A32149C1212F}.Release|Any CPU.ActiveCfg = Release|Any CPU
		{F3FF1E1F-BE0C-40BA-9669-A32149C1212F}.Release|Any CPU.Build.0 = Release|Any CPU
	EndGlobalSection
	GlobalSection(SolutionProperties) = preSolution
		HideSolutionNode = FALSE
	EndGlobalSection
	GlobalSection(ExtensibilityGlobals) = postSolution
		SolutionGuid = {F359820E-BF4F-48C8-929F-EE8FC834070E}
	EndGlobalSection
EndGlobal
